// !$*UTF8*$!
{
	archiveVersion = 1;
	classes = {
	};
	objectVersion = 55;
	objects = {

/* Begin PBXBuildFile section */
		ACD5A990282D9B78002B5ADD /* AppDelegate.swift in Sources */ = {isa = PBXBuildFile; fileRef = ACD5A98F282D9B78002B5ADD /* AppDelegate.swift */; };
		ACD5A992282D9B78002B5ADD /* SceneDelegate.swift in Sources */ = {isa = PBXBuildFile; fileRef = ACD5A991282D9B78002B5ADD /* SceneDelegate.swift */; };
		ACD5A994282D9B78002B5ADD /* ArticleListViewController.swift in Sources */ = {isa = PBXBuildFile; fileRef = ACD5A993282D9B78002B5ADD /* ArticleListViewController.swift */; };
		ACD5A999282D9B7D002B5ADD /* Assets.xcassets in Resources */ = {isa = PBXBuildFile; fileRef = ACD5A998282D9B7D002B5ADD /* Assets.xcassets */; };
		ACD5A9A4282D9C9B002B5ADD /* NewsService.swift in Sources */ = {isa = PBXBuildFile; fileRef = ACD5A9A3282D9C9B002B5ADD /* NewsService.swift */; };
		ACD5A9A8282DAE6C002B5ADD /* Article.swift in Sources */ = {isa = PBXBuildFile; fileRef = ACD5A9A7282DAE6C002B5ADD /* Article.swift */; };
		ACD5A9AB282DAED6002B5ADD /* ResponseObject.swift in Sources */ = {isa = PBXBuildFile; fileRef = ACD5A9AA282DAED6002B5ADD /* ResponseObject.swift */; };
		ACD5A9B1282DB432002B5ADD /* ServiceEnums.swift in Sources */ = {isa = PBXBuildFile; fileRef = ACD5A9B0282DB432002B5ADD /* ServiceEnums.swift */; };
		ACD5A9B3282E1F6C002B5ADD /* Constants.swift in Sources */ = {isa = PBXBuildFile; fileRef = ACD5A9B2282E1F6C002B5ADD /* Constants.swift */; };
/* End PBXBuildFile section */

/* Begin PBXFileReference section */
		ACD5A98C282D9B78002B5ADD /* BornLogicNews.app */ = {isa = PBXFileReference; explicitFileType = wrapper.application; includeInIndex = 0; path = BornLogicNews.app; sourceTree = BUILT_PRODUCTS_DIR; };
		ACD5A98F282D9B78002B5ADD /* AppDelegate.swift */ = {isa = PBXFileReference; lastKnownFileType = sourcecode.swift; path = AppDelegate.swift; sourceTree = "<group>"; };
		ACD5A991282D9B78002B5ADD /* SceneDelegate.swift */ = {isa = PBXFileReference; lastKnownFileType = sourcecode.swift; path = SceneDelegate.swift; sourceTree = "<group>"; };
		ACD5A993282D9B78002B5ADD /* ArticleListViewController.swift */ = {isa = PBXFileReference; lastKnownFileType = sourcecode.swift; path = ArticleListViewController.swift; sourceTree = "<group>"; };
		ACD5A998282D9B7D002B5ADD /* Assets.xcassets */ = {isa = PBXFileReference; lastKnownFileType = folder.assetcatalog; path = Assets.xcassets; sourceTree = "<group>"; };
		ACD5A99D282D9B7D002B5ADD /* Info.plist */ = {isa = PBXFileReference; lastKnownFileType = text.plist.xml; path = Info.plist; sourceTree = "<group>"; };
		ACD5A9A3282D9C9B002B5ADD /* NewsService.swift */ = {isa = PBXFileReference; lastKnownFileType = sourcecode.swift; path = NewsService.swift; sourceTree = "<group>"; };
		ACD5A9A7282DAE6C002B5ADD /* Article.swift */ = {isa = PBXFileReference; lastKnownFileType = sourcecode.swift; path = Article.swift; sourceTree = "<group>"; };
		ACD5A9AA282DAED6002B5ADD /* ResponseObject.swift */ = {isa = PBXFileReference; lastKnownFileType = sourcecode.swift; path = ResponseObject.swift; sourceTree = "<group>"; };
		ACD5A9B0282DB432002B5ADD /* ServiceEnums.swift */ = {isa = PBXFileReference; lastKnownFileType = sourcecode.swift; path = ServiceEnums.swift; sourceTree = "<group>"; };
		ACD5A9B2282E1F6C002B5ADD /* Constants.swift */ = {isa = PBXFileReference; lastKnownFileType = sourcecode.swift; path = Constants.swift; sourceTree = "<group>"; };
/* End PBXFileReference section */

/* Begin PBXFrameworksBuildPhase section */
		ACD5A989282D9B78002B5ADD /* Frameworks */ = {
			isa = PBXFrameworksBuildPhase;
			buildActionMask = 2147483647;
			files = (
			);
			runOnlyForDeploymentPostprocessing = 0;
		};
/* End PBXFrameworksBuildPhase section */

/* Begin PBXGroup section */
		ACD5A983282D9B78002B5ADD = {
			isa = PBXGroup;
			children = (
				ACD5A98E282D9B78002B5ADD /* BornLogicNews */,
				ACD5A98D282D9B78002B5ADD /* Products */,
			);
			sourceTree = "<group>";
		};
		ACD5A98D282D9B78002B5ADD /* Products */ = {
			isa = PBXGroup;
			children = (
				ACD5A98C282D9B78002B5ADD /* BornLogicNews.app */,
			);
			name = Products;
			sourceTree = "<group>";
		};
		ACD5A98E282D9B78002B5ADD /* BornLogicNews */ = {
			isa = PBXGroup;
			children = (
				ACD5A98F282D9B78002B5ADD /* AppDelegate.swift */,
				ACD5A991282D9B78002B5ADD /* SceneDelegate.swift */,
				ACD5A9B2282E1F6C002B5ADD /* Constants.swift */,
				ACD5A9A9282DAE71002B5ADD /* Model */,
				ACD5A9A6282D9CB0002B5ADD /* View */,
				ACD5A9AD282DB0C7002B5ADD /* ViewModel */,
				ACD5A9A5282D9CA5002B5ADD /* Service */,
				ACD5A998282D9B7D002B5ADD /* Assets.xcassets */,
				ACD5A99D282D9B7D002B5ADD /* Info.plist */,
			);
			path = BornLogicNews;
			sourceTree = "<group>";
		};
		ACD5A9A5282D9CA5002B5ADD /* Service */ = {
			isa = PBXGroup;
			children = (
				ACD5A9A3282D9C9B002B5ADD /* NewsService.swift */,
				ACD5A9AC282DAEE4002B5ADD /* API Model */,
				ACD5A9B0282DB432002B5ADD /* ServiceEnums.swift */,
			);
			path = Service;
			sourceTree = "<group>";
		};
		ACD5A9A6282D9CB0002B5ADD /* View */ = {
			isa = PBXGroup;
			children = (
				ACD5A993282D9B78002B5ADD /* ArticleListViewController.swift */,
			);
			path = View;
			sourceTree = "<group>";
		};
		ACD5A9A9282DAE71002B5ADD /* Model */ = {
			isa = PBXGroup;
			children = (
				ACD5A9AA282DAED6002B5ADD /* ResponseObject.swift */,
				ACD5A9A7282DAE6C002B5ADD /* Article.swift */,
			);
			path = Model;
			sourceTree = "<group>";
		};
		ACD5A9AC282DAEE4002B5ADD /* API Model */ = {
			isa = PBXGroup;
			children = (
			);
			path = "API Model";
			sourceTree = "<group>";
		};
		ACD5A9AD282DB0C7002B5ADD /* ViewModel */ = {
			isa = PBXGroup;
			children = (
			);
			path = ViewModel;
			sourceTree = "<group>";
		};
/* End PBXGroup section */

/* Begin PBXNativeTarget section */
		ACD5A98B282D9B78002B5ADD /* BornLogicNews */ = {
			isa = PBXNativeTarget;
			buildConfigurationList = ACD5A9A0282D9B7D002B5ADD /* Build configuration list for PBXNativeTarget "BornLogicNews" */;
			buildPhases = (
				ACD5A988282D9B78002B5ADD /* Sources */,
				ACD5A989282D9B78002B5ADD /* Frameworks */,
				ACD5A98A282D9B78002B5ADD /* Resources */,
			);
			buildRules = (
			);
			dependencies = (
			);
			name = BornLogicNews;
			productName = BornLogicNews;
			productReference = ACD5A98C282D9B78002B5ADD /* BornLogicNews.app */;
			productType = "com.apple.product-type.application";
		};
/* End PBXNativeTarget section */

/* Begin PBXProject section */
		ACD5A984282D9B78002B5ADD /* Project object */ = {
			isa = PBXProject;
			attributes = {
				BuildIndependentTargetsInParallel = 1;
				LastSwiftUpdateCheck = 1310;
				LastUpgradeCheck = 1310;
				TargetAttributes = {
					ACD5A98B282D9B78002B5ADD = {
						CreatedOnToolsVersion = 13.1;
					};
				};
			};
			buildConfigurationList = ACD5A987282D9B78002B5ADD /* Build configuration list for PBXProject "BornLogicNews" */;
			compatibilityVersion = "Xcode 13.0";
			developmentRegion = en;
			hasScannedForEncodings = 0;
			knownRegions = (
				en,
				Base,
			);
			mainGroup = ACD5A983282D9B78002B5ADD;
			productRefGroup = ACD5A98D282D9B78002B5ADD /* Products */;
			projectDirPath = "";
			projectRoot = "";
			targets = (
				ACD5A98B282D9B78002B5ADD /* BornLogicNews */,
			);
		};
/* End PBXProject section */

/* Begin PBXResourcesBuildPhase section */
		ACD5A98A282D9B78002B5ADD /* Resources */ = {
			isa = PBXResourcesBuildPhase;
			buildActionMask = 2147483647;
			files = (
				ACD5A999282D9B7D002B5ADD /* Assets.xcassets in Resources */,
			);
			runOnlyForDeploymentPostprocessing = 0;
		};
/* End PBXResourcesBuildPhase section */

/* Begin PBXSourcesBuildPhase section */
		ACD5A988282D9B78002B5ADD /* Sources */ = {
			isa = PBXSourcesBuildPhase;
			buildActionMask = 2147483647;
			files = (
				ACD5A994282D9B78002B5ADD /* ArticleListViewController.swift in Sources */,
				ACD5A9AB282DAED6002B5ADD /* ResponseObject.swift in Sources */,
				ACD5A9B1282DB432002B5ADD /* ServiceEnums.swift in Sources */,
				ACD5A990282D9B78002B5ADD /* AppDelegate.swift in Sources */,
				ACD5A9A4282D9C9B002B5ADD /* NewsService.swift in Sources */,
				ACD5A992282D9B78002B5ADD /* SceneDelegate.swift in Sources */,
				ACD5A9A8282DAE6C002B5ADD /* Article.swift in Sources */,
				ACD5A9B3282E1F6C002B5ADD /* Constants.swift in Sources */,
			);
			runOnlyForDeploymentPostprocessing = 0;
		};
/* End PBXSourcesBuildPhase section */

/* Begin XCBuildConfiguration section */
		ACD5A99E282D9B7D002B5ADD /* Debug */ = {
			isa = XCBuildConfiguration;
			buildSettings = {
				ALWAYS_SEARCH_USER_PATHS = NO;
				CLANG_ANALYZER_NONNULL = YES;
				CLANG_ANALYZER_NUMBER_OBJECT_CONVERSION = YES_AGGRESSIVE;
				CLANG_CXX_LANGUAGE_STANDARD = "gnu++17";
				CLANG_CXX_LIBRARY = "libc++";
				CLANG_ENABLE_MODULES = YES;
				CLANG_ENABLE_OBJC_ARC = YES;
				CLANG_ENABLE_OBJC_WEAK = YES;
				CLANG_WARN_BLOCK_CAPTURE_AUTORELEASING = YES;
				CLANG_WARN_BOOL_CONVERSION = YES;
				CLANG_WARN_COMMA = YES;
				CLANG_WARN_CONSTANT_CONVERSION = YES;
				CLANG_WARN_DEPRECATED_OBJC_IMPLEMENTATIONS = YES;
				CLANG_WARN_DIRECT_OBJC_ISA_USAGE = YES_ERROR;
				CLANG_WARN_DOCUMENTATION_COMMENTS = YES;
				CLANG_WARN_EMPTY_BODY = YES;
				CLANG_WARN_ENUM_CONVERSION = YES;
				CLANG_WARN_INFINITE_RECURSION = YES;
				CLANG_WARN_INT_CONVERSION = YES;
				CLANG_WARN_NON_LITERAL_NULL_CONVERSION = YES;
				CLANG_WARN_OBJC_IMPLICIT_RETAIN_SELF = YES;
				CLANG_WARN_OBJC_LITERAL_CONVERSION = YES;
				CLANG_WARN_OBJC_ROOT_CLASS = YES_ERROR;
				CLANG_WARN_QUOTED_INCLUDE_IN_FRAMEWORK_HEADER = YES;
				CLANG_WARN_RANGE_LOOP_ANALYSIS = YES;
				CLANG_WARN_STRICT_PROTOTYPES = YES;
				CLANG_WARN_SUSPICIOUS_MOVE = YES;
				CLANG_WARN_UNGUARDED_AVAILABILITY = YES_AGGRESSIVE;
				CLANG_WARN_UNREACHABLE_CODE = YES;
				CLANG_WARN__DUPLICATE_METHOD_MATCH = YES;
				COPY_PHASE_STRIP = NO;
				DEBUG_INFORMATION_FORMAT = dwarf;
				ENABLE_STRICT_OBJC_MSGSEND = YES;
				ENABLE_TESTABILITY = YES;
				GCC_C_LANGUAGE_STANDARD = gnu11;
				GCC_DYNAMIC_NO_PIC = NO;
				GCC_NO_COMMON_BLOCKS = YES;
				GCC_OPTIMIZATION_LEVEL = 0;
				GCC_PREPROCESSOR_DEFINITIONS = (
					"DEBUG=1",
					"$(inherited)",
				);
				GCC_WARN_64_TO_32_BIT_CONVERSION = YES;
				GCC_WARN_ABOUT_RETURN_TYPE = YES_ERROR;
				GCC_WARN_UNDECLARED_SELECTOR = YES;
				GCC_WARN_UNINITIALIZED_AUTOS = YES_AGGRESSIVE;
				GCC_WARN_UNUSED_FUNCTION = YES;
				GCC_WARN_UNUSED_VARIABLE = YES;
				IPHONEOS_DEPLOYMENT_TARGET = 15.0;
				MTL_ENABLE_DEBUG_INFO = INCLUDE_SOURCE;
				MTL_FAST_MATH = YES;
				ONLY_ACTIVE_ARCH = YES;
				SDKROOT = iphoneos;
				SWIFT_ACTIVE_COMPILATION_CONDITIONS = DEBUG;
				SWIFT_OPTIMIZATION_LEVEL = "-Onone";
			};
			name = Debug;
		};
		ACD5A99F282D9B7D002B5ADD /* Release */ = {
			isa = XCBuildConfiguration;
			buildSettings = {
				ALWAYS_SEARCH_USER_PATHS = NO;
				CLANG_ANALYZER_NONNULL = YES;
				CLANG_ANALYZER_NUMBER_OBJECT_CONVERSION = YES_AGGRESSIVE;
				CLANG_CXX_LANGUAGE_STANDARD = "gnu++17";
				CLANG_CXX_LIBRARY = "libc++";
				CLANG_ENABLE_MODULES = YES;
				CLANG_ENABLE_OBJC_ARC = YES;
				CLANG_ENABLE_OBJC_WEAK = YES;
				CLANG_WARN_BLOCK_CAPTURE_AUTORELEASING = YES;
				CLANG_WARN_BOOL_CONVERSION = YES;
				CLANG_WARN_COMMA = YES;
				CLANG_WARN_CONSTANT_CONVERSION = YES;
				CLANG_WARN_DEPRECATED_OBJC_IMPLEMENTATIONS = YES;
				CLANG_WARN_DIRECT_OBJC_ISA_USAGE = YES_ERROR;
				CLANG_WARN_DOCUMENTATION_COMMENTS = YES;
				CLANG_WARN_EMPTY_BODY = YES;
				CLANG_WARN_ENUM_CONVERSION = YES;
				CLANG_WARN_INFINITE_RECURSION = YES;
				CLANG_WARN_INT_CONVERSION = YES;
				CLANG_WARN_NON_LITERAL_NULL_CONVERSION = YES;
				CLANG_WARN_OBJC_IMPLICIT_RETAIN_SELF = YES;
				CLANG_WARN_OBJC_LITERAL_CONVERSION = YES;
				CLANG_WARN_OBJC_ROOT_CLASS = YES_ERROR;
				CLANG_WARN_QUOTED_INCLUDE_IN_FRAMEWORK_HEADER = YES;
				CLANG_WARN_RANGE_LOOP_ANALYSIS = YES;
				CLANG_WARN_STRICT_PROTOTYPES = YES;
				CLANG_WARN_SUSPICIOUS_MOVE = YES;
				CLANG_WARN_UNGUARDED_AVAILABILITY = YES_AGGRESSIVE;
				CLANG_WARN_UNREACHABLE_CODE = YES;
				CLANG_WARN__DUPLICATE_METHOD_MATCH = YES;
				COPY_PHASE_STRIP = NO;
				DEBUG_INFORMATION_FORMAT = "dwarf-with-dsym";
				ENABLE_NS_ASSERTIONS = NO;
				ENABLE_STRICT_OBJC_MSGSEND = YES;
				GCC_C_LANGUAGE_STANDARD = gnu11;
				GCC_NO_COMMON_BLOCKS = YES;
				GCC_WARN_64_TO_32_BIT_CONVERSION = YES;
				GCC_WARN_ABOUT_RETURN_TYPE = YES_ERROR;
				GCC_WARN_UNDECLARED_SELECTOR = YES;
				GCC_WARN_UNINITIALIZED_AUTOS = YES_AGGRESSIVE;
				GCC_WARN_UNUSED_FUNCTION = YES;
				GCC_WARN_UNUSED_VARIABLE = YES;
				IPHONEOS_DEPLOYMENT_TARGET = 15.0;
				MTL_ENABLE_DEBUG_INFO = NO;
				MTL_FAST_MATH = YES;
				SDKROOT = iphoneos;
				SWIFT_COMPILATION_MODE = wholemodule;
				SWIFT_OPTIMIZATION_LEVEL = "-O";
				VALIDATE_PRODUCT = YES;
			};
			name = Release;
		};
		ACD5A9A1282D9B7D002B5ADD /* Debug */ = {
			isa = XCBuildConfiguration;
			buildSettings = {
				ASSETCATALOG_COMPILER_APPICON_NAME = AppIcon;
				ASSETCATALOG_COMPILER_GLOBAL_ACCENT_COLOR_NAME = AccentColor;
				CODE_SIGN_STYLE = Automatic;
				CURRENT_PROJECT_VERSION = 1;
				DEVELOPMENT_TEAM = G52YWXMGYY;
				GENERATE_INFOPLIST_FILE = YES;
				INFOPLIST_FILE = BornLogicNews/Info.plist;
				INFOPLIST_KEY_UIApplicationSupportsIndirectInputEvents = YES;
				INFOPLIST_KEY_UILaunchStoryboardName = LaunchScreen;
				INFOPLIST_KEY_UISupportedInterfaceOrientations_iPad = "UIInterfaceOrientationPortrait UIInterfaceOrientationPortraitUpsideDown UIInterfaceOrientationLandscapeLeft UIInterfaceOrientationLandscapeRight";
				INFOPLIST_KEY_UISupportedInterfaceOrientations_iPhone = "UIInterfaceOrientationPortrait UIInterfaceOrientationLandscapeLeft UIInterfaceOrientationLandscapeRight";
				LD_RUNPATH_SEARCH_PATHS = (
					"$(inherited)",
					"@executable_path/Frameworks",
				);
				MARKETING_VERSION = 1.0;
				PRODUCT_BUNDLE_IDENTIFIER = com.allanClipesRosa.BornLogicNews;
				PRODUCT_NAME = "$(TARGET_NAME)";
				SWIFT_EMIT_LOC_STRINGS = YES;
				SWIFT_VERSION = 5.0;
				TARGETED_DEVICE_FAMILY = "1,2";
			};
			name = Debug;
		};
		ACD5A9A2282D9B7D002B5ADD /* Release */ = {
			isa = XCBuildConfiguration;
			buildSettings = {
				ASSETCATALOG_COMPILER_APPICON_NAME = AppIcon;
				ASSETCATALOG_COMPILER_GLOBAL_ACCENT_COLOR_NAME = AccentColor;
				CODE_SIGN_STYLE = Automatic;
				CURRENT_PROJECT_VERSION = 1;
				DEVELOPMENT_TEAM = G52YWXMGYY;
				GENERATE_INFOPLIST_FILE = YES;
				INFOPLIST_FILE = BornLogicNews/Info.plist;
				INFOPLIST_KEY_UIApplicationSupportsIndirectInputEvents = YES;
				INFOPLIST_KEY_UILaunchStoryboardName = LaunchScreen;
				INFOPLIST_KEY_UISupportedInterfaceOrientations_iPad = "UIInterfaceOrientationPortrait UIInterfaceOrientationPortraitUpsideDown UIInterfaceOrientationLandscapeLeft UIInterfaceOrientationLandscapeRight";
				INFOPLIST_KEY_UISupportedInterfaceOrientations_iPhone = "UIInterfaceOrientationPortrait UIInterfaceOrientationLandscapeLeft UIInterfaceOrientationLandscapeRight";
				LD_RUNPATH_SEARCH_PATHS = (
					"$(inherited)",
					"@executable_path/Frameworks",
				);
				MARKETING_VERSION = 1.0;
				PRODUCT_BUNDLE_IDENTIFIER = com.allanClipesRosa.BornLogicNews;
				PRODUCT_NAME = "$(TARGET_NAME)";
				SWIFT_EMIT_LOC_STRINGS = YES;
				SWIFT_VERSION = 5.0;
				TARGETED_DEVICE_FAMILY = "1,2";
			};
			name = Release;
		};
/* End XCBuildConfiguration section */

/* Begin XCConfigurationList section */
		ACD5A987282D9B78002B5ADD /* Build configuration list for PBXProject "BornLogicNews" */ = {
			isa = XCConfigurationList;
			buildConfigurations = (
				ACD5A99E282D9B7D002B5ADD /* Debug */,
				ACD5A99F282D9B7D002B5ADD /* Release */,
			);
			defaultConfigurationIsVisible = 0;
			defaultConfigurationName = Release;
		};
		ACD5A9A0282D9B7D002B5ADD /* Build configuration list for PBXNativeTarget "BornLogicNews" */ = {
			isa = XCConfigurationList;
			buildConfigurations = (
				ACD5A9A1282D9B7D002B5ADD /* Debug */,
				ACD5A9A2282D9B7D002B5ADD /* Release */,
			);
			defaultConfigurationIsVisible = 0;
			defaultConfigurationName = Release;
		};
/* End XCConfigurationList section */
	};
	rootObject = ACD5A984282D9B78002B5ADD /* Project object */;
}
